
Microsoft Visual Studio Solution File, Format Version 12.00
Project("{FAE04EC0-301F-11D3-BF4B-00C04F79EFBC}") = "progLab1", "progLab1\progLab1.csproj", "{0215C345-5A4F-43B8-9854-2488ADE3D7A4}"
EndProject
Global
	GlobalSection(SolutionConfigurationPlatforms) = preSolution
		Debug|Any CPU = Debug|Any CPU
		Release|Any CPU = Release|Any CPU
	EndGlobalSection
	GlobalSection(ProjectConfigurationPlatforms) = postSolution
		{0215C345-5A4F-43B8-9854-2488ADE3D7A4}.Debug|Any CPU.ActiveCfg = Debug|Any CPU
		{0215C345-5A4F-43B8-9854-2488ADE3D7A4}.Debug|Any CPU.Build.0 = Debug|Any CPU
		{0215C345-5A4F-43B8-9854-2488ADE3D7A4}.Release|Any CPU.ActiveCfg = Release|Any CPU
		{0215C345-5A4F-43B8-9854-2488ADE3D7A4}.Release|Any CPU.Build.0 = Release|Any CPU
	EndGlobalSection
EndGlobal
